
Microsoft Visual Studio Solution File, Format Version 12.00
# Visual Studio Version 17
VisualStudioVersion = 17.0.31903.59
MinimumVisualStudioVersion = 10.0.40219.1
Project("{FAE04EC0-301F-11D3-BF4B-00C04F79EFBC}") = "Api", "src\Api\Api.csproj", "{E53A16B7-E2F5-4D27-BE71-286D9FD48263}"
EndProject
Project("{FAE04EC0-301F-11D3-BF4B-00C04F79EFBC}") = "ApiSdk", "src\ApiSdk\ApiSdk.csproj", "{9F2A2E74-3A3D-49C4-9D8E-7CCD691D116D}"
EndProject
Project("{FAE04EC0-301F-11D3-BF4B-00C04F79EFBC}") = "Tests", "Tests\Tests.csproj", "{E834A113-0ACD-4E45-8CF9-B422B0ECE3D9}"
EndProject
Project("{FAE04EC0-301F-11D3-BF4B-00C04F79EFBC}") = "Users", "src\Users\Users.csproj", "{C9D0B4EB-AB46-4A9F-819D-B6EA3A5A9652}"
EndProject
Project("{FAE04EC0-301F-11D3-BF4B-00C04F79EFBC}") = "Shared", "src\Shared\Shared.csproj", "{BD7F6374-5DC8-4D7C-83F0-4F4D2E3D9021}"
EndProject
Project("{FAE04EC0-301F-11D3-BF4B-00C04F79EFBC}") = "AppRequests", "src\AppRequests\AppRequests.csproj", "{275A3CD7-B7BB-4CEB-A292-CC4C3C4AD89D}"
EndProject
Project("{FAE04EC0-301F-11D3-BF4B-00C04F79EFBC}") = "Presents", "src\Presents\Presents.csproj", "{ECC04A6C-B26C-4C45-808E-C474A61340A3}"
EndProject
Project("{FAE04EC0-301F-11D3-BF4B-00C04F79EFBC}") = "Notifications", "src\Notifications\Notifications.csproj", "{C218BBF5-567F-4FAD-AA00-3CDC01052CDC}"
EndProject
Global
	GlobalSection(SolutionConfigurationPlatforms) = preSolution
		Debug|Any CPU = Debug|Any CPU
		Release|Any CPU = Release|Any CPU
	EndGlobalSection
	GlobalSection(SolutionProperties) = preSolution
		HideSolutionNode = FALSE
	EndGlobalSection
	GlobalSection(ProjectConfigurationPlatforms) = postSolution
		{E53A16B7-E2F5-4D27-BE71-286D9FD48263}.Debug|Any CPU.ActiveCfg = Debug|Any CPU
		{E53A16B7-E2F5-4D27-BE71-286D9FD48263}.Debug|Any CPU.Build.0 = Debug|Any CPU
		{E53A16B7-E2F5-4D27-BE71-286D9FD48263}.Release|Any CPU.ActiveCfg = Release|Any CPU
		{E53A16B7-E2F5-4D27-BE71-286D9FD48263}.Release|Any CPU.Build.0 = Release|Any CPU
		{9F2A2E74-3A3D-49C4-9D8E-7CCD691D116D}.Debug|Any CPU.ActiveCfg = Debug|Any CPU
		{9F2A2E74-3A3D-49C4-9D8E-7CCD691D116D}.Debug|Any CPU.Build.0 = Debug|Any CPU
		{9F2A2E74-3A3D-49C4-9D8E-7CCD691D116D}.Release|Any CPU.ActiveCfg = Release|Any CPU
		{9F2A2E74-3A3D-49C4-9D8E-7CCD691D116D}.Release|Any CPU.Build.0 = Release|Any CPU
		{E834A113-0ACD-4E45-8CF9-B422B0ECE3D9}.Debug|Any CPU.ActiveCfg = Debug|Any CPU
		{E834A113-0ACD-4E45-8CF9-B422B0ECE3D9}.Debug|Any CPU.Build.0 = Debug|Any CPU
		{E834A113-0ACD-4E45-8CF9-B422B0ECE3D9}.Release|Any CPU.ActiveCfg = Release|Any CPU
		{E834A113-0ACD-4E45-8CF9-B422B0ECE3D9}.Release|Any CPU.Build.0 = Release|Any CPU
		{C9D0B4EB-AB46-4A9F-819D-B6EA3A5A9652}.Debug|Any CPU.ActiveCfg = Debug|Any CPU
		{C9D0B4EB-AB46-4A9F-819D-B6EA3A5A9652}.Debug|Any CPU.Build.0 = Debug|Any CPU
		{C9D0B4EB-AB46-4A9F-819D-B6EA3A5A9652}.Release|Any CPU.ActiveCfg = Release|Any CPU
		{C9D0B4EB-AB46-4A9F-819D-B6EA3A5A9652}.Release|Any CPU.Build.0 = Release|Any CPU
		{BD7F6374-5DC8-4D7C-83F0-4F4D2E3D9021}.Debug|Any CPU.ActiveCfg = Debug|Any CPU
		{BD7F6374-5DC8-4D7C-83F0-4F4D2E3D9021}.Debug|Any CPU.Build.0 = Debug|Any CPU
		{BD7F6374-5DC8-4D7C-83F0-4F4D2E3D9021}.Release|Any CPU.ActiveCfg = Release|Any CPU
		{BD7F6374-5DC8-4D7C-83F0-4F4D2E3D9021}.Release|Any CPU.Build.0 = Release|Any CPU
		{275A3CD7-B7BB-4CEB-A292-CC4C3C4AD89D}.Debug|Any CPU.ActiveCfg = Debug|Any CPU
		{275A3CD7-B7BB-4CEB-A292-CC4C3C4AD89D}.Debug|Any CPU.Build.0 = Debug|Any CPU
		{275A3CD7-B7BB-4CEB-A292-CC4C3C4AD89D}.Release|Any CPU.ActiveCfg = Release|Any CPU
		{275A3CD7-B7BB-4CEB-A292-CC4C3C4AD89D}.Release|Any CPU.Build.0 = Release|Any CPU
		{ECC04A6C-B26C-4C45-808E-C474A61340A3}.Debug|Any CPU.ActiveCfg = Debug|Any CPU
		{ECC04A6C-B26C-4C45-808E-C474A61340A3}.Debug|Any CPU.Build.0 = Debug|Any CPU
		{ECC04A6C-B26C-4C45-808E-C474A61340A3}.Release|Any CPU.ActiveCfg = Release|Any CPU
		{ECC04A6C-B26C-4C45-808E-C474A61340A3}.Release|Any CPU.Build.0 = Release|Any CPU
		{C218BBF5-567F-4FAD-AA00-3CDC01052CDC}.Debug|Any CPU.ActiveCfg = Debug|Any CPU
		{C218BBF5-567F-4FAD-AA00-3CDC01052CDC}.Debug|Any CPU.Build.0 = Debug|Any CPU
		{C218BBF5-567F-4FAD-AA00-3CDC01052CDC}.Release|Any CPU.ActiveCfg = Release|Any CPU
		{C218BBF5-567F-4FAD-AA00-3CDC01052CDC}.Release|Any CPU.Build.0 = Release|Any CPU
	EndGlobalSection
EndGlobal
